PODS:
  - TGCameraViewController (2.2.8)

DEPENDENCIES:
  - TGCameraViewController (from `./`)

EXTERNAL SOURCES:
  TGCameraViewController:
    :path: ./

SPEC CHECKSUMS:
  TGCameraViewController: 401f23c3def68f3d8a2627faba3dbdc23bce1bee

PODFILE CHECKSUM: 3f839a55f743d5cb1cc5caac0fda42b49ec44660

COCOAPODS: 1.4.0
